<?xml version="1.0" encoding="utf-8"?>
<Project ToolsVersion="12.0" xmlns="http://schemas.microsoft.com/developer/msbuild/2003">
  <ItemGroup>
    <Filter Include="Source Files">
      <UniqueIdentifier>{4FC737F1-C7A5-4376-A066-2A32D752A2FF}</UniqueIdentifier>
      <Extensions>cpp;c;cc;cxx;s</Extensions>
    </Filter>
    <Filter Include="Header Files">
      <UniqueIdentifier>{93995380-89BD-4b04-88EB-625FBE52EBFB}</UniqueIdentifier>
      <Extensions>h;hh;hpp;hxx</Extensions>
    </Filter>
    <Filter Include="Header Files\Objects">
      <UniqueIdentifier>{a16d9a68-45f7-4367-80af-78bbcf005f4f}</UniqueIdentifier>
    </Filter>
    <Filter Include="Source Files\Objects">
      <UniqueIdentifier>{7018f011-edb5-4de7-b0a0-1dd8cb7c8c7b}</UniqueIdentifier>
    </Filter>
    <Filter Include="Header Files\WebSocket">
      <UniqueIdentifier>{1a607d75-02cf-4229-b7f2-a486d47b6d34}</UniqueIdentifier>
    </Filter>
    <Filter Include="Source Files\WebSocket">
      <UniqueIdentifier>{cce17f92-ee90-45e4-8a68-321eb84551f3}</UniqueIdentifier>
    </Filter>
    <Filter Include="Header Files\WebSocket\tiny_websockets">
      <UniqueIdentifier>{7e86af74-bed2-430a-ab20-c54a32b964dd}</UniqueIdentifier>
    </Filter>
    <Filter Include="Header Files\WebSocket\tiny_websockets\network">
      <UniqueIdentifier>{50915c55-a49e-4926-806c-298307076735}</UniqueIdentifier>
    </Filter>
    <Filter Include="Header Files\WebSocket\tiny_websockets\internals">
      <UniqueIdentifier>{78f13636-a2b0-40a0-a831-481753101bbc}</UniqueIdentifier>
    </Filter>
    <Filter Include="Header Files\WebSocket\tiny_websockets\internals\wscrypto">
      <UniqueIdentifier>{d14a9c1c-8e8a-4137-bcee-e5d0c7f7c83a}</UniqueIdentifier>
    </Filter>
  </ItemGroup>
  <ItemGroup>
    <ClCompile Include="$(MSBuildThisFileDirectory)src\EscapeAutomate2.cpp">
      <Filter>Source Files</Filter>
    </ClCompile>
    <ClCompile Include="$(MSBuildThisFileDirectory)src\Puzzle.cpp">
      <Filter>Source Files</Filter>
    </ClCompile>
    <ClCompile Include="$(MSBuildThisFileDirectory)src\Objects\BaseProperty.cpp">
      <Filter>Source Files\Objects</Filter>
    </ClCompile>
    <ClCompile Include="$(MSBuildThisFileDirectory)src\Objects\BoolProperty.cpp">
      <Filter>Source Files\Objects</Filter>
    </ClCompile>
    <ClCompile Include="$(MSBuildThisFileDirectory)src\Objects\HubProperty.cpp">
      <Filter>Source Files\Objects</Filter>
    </ClCompile>
    <ClCompile Include="$(MSBuildThisFileDirectory)src\Objects\ListProperty .cpp">
      <Filter>Source Files\Objects</Filter>
    </ClCompile>
    <ClCompile Include="$(MSBuildThisFileDirectory)src\Objects\NumberProperty.cpp">
      <Filter>Source Files\Objects</Filter>
    </ClCompile>
    <ClCompile Include="$(MSBuildThisFileDirectory)src\Objects\PuzzleProperty.cpp">
      <Filter>Source Files\Objects</Filter>
    </ClCompile>
    <ClCompile Include="$(MSBuildThisFileDirectory)src\Objects\StringProperty.cpp">
      <Filter>Source Files\Objects</Filter>
    </ClCompile>
    <ClCompile Include="$(MSBuildThisFileDirectory)src\WebSocket\crypto.cpp">
      <Filter>Source Files\WebSocket</Filter>
    </ClCompile>
    <ClCompile Include="$(MSBuildThisFileDirectory)src\WebSocket\message.cpp">
      <Filter>Source Files\WebSocket</Filter>
    </ClCompile>
    <ClCompile Include="$(MSBuildThisFileDirectory)src\WebSocket\websockets_client.cpp">
      <Filter>Source Files\WebSocket</Filter>
    </ClCompile>
    <ClCompile Include="$(MSBuildThisFileDirectory)src\WebSocket\websockets_endpoint.cpp">
      <Filter>Source Files\WebSocket</Filter>
    </ClCompile>
    <ClCompile Include="$(MSBuildThisFileDirectory)src\WebSocket\ws_common.cpp">
      <Filter>Source Files\WebSocket</Filter>
    </ClCompile>
  </ItemGroup>
  <ItemGroup>
    <Text Include="$(MSBuildThisFileDirectory)library.properties" />
  </ItemGroup>
  <ItemGroup>
    <ClInclude Include="$(MSBuildThisFileDirectory)src\Puzzle.h">
      <Filter>Header Files</Filter>
    </ClInclude>
    <ClInclude Include="$(MSBuildThisFileDirectory)src\Enums.h">
      <Filter>Header Files</Filter>
    </ClInclude>
    <ClInclude Include="$(MSBuildThisFileDirectory)src\EscapeAutomate2.hpp">
      <Filter>Header Files</Filter>
    </ClInclude>
    <ClInclude Include="$(MSBuildThisFileDirectory)src\defines.h">
      <Filter>Header Files</Filter>
    </ClInclude>
    <ClInclude Include="$(MSBuildThisFileDirectory)src\EscLogs.h">
      <Filter>Header Files</Filter>
    </ClInclude>
    <ClInclude Include="$(MSBuildThisFileDirectory)src\Objects\BaseProperty.h">
      <Filter>Header Files\Objects</Filter>
    </ClInclude>
    <ClInclude Include="$(MSBuildThisFileDirectory)src\Objects\BoolProperty.h">
      <Filter>Header Files\Objects</Filter>
    </ClInclude>
    <ClInclude Include="$(MSBuildThisFileDirectory)src\Objects\HubProperty.h">
      <Filter>Header Files\Objects</Filter>
    </ClInclude>
    <ClInclude Include="$(MSBuildThisFileDirectory)src\Objects\ListProperty.h">
      <Filter>Header Files\Objects</Filter>
    </ClInclude>
    <ClInclude Include="$(MSBuildThisFileDirectory)src\Objects\NumberProperty.h">
      <Filter>Header Files\Objects</Filter>
    </ClInclude>
    <ClInclude Include="$(MSBuildThisFileDirectory)src\Objects\PuzzleProperty.h">
      <Filter>Header Files\Objects</Filter>
    </ClInclude>
    <ClInclude Include="$(MSBuildThisFileDirectory)src\Objects\StringProperty.h">
      <Filter>Header Files\Objects</Filter>
    </ClInclude>
    <ClInclude Include="$(MSBuildThisFileDirectory)src\WebSocket\ArduinoWebsockets.h">
      <Filter>Header Files\WebSocket</Filter>
    </ClInclude>
    <ClInclude Include="$(MSBuildThisFileDirectory)src\WebSocket\tiny_websockets\client.hpp">
      <Filter>Header Files\WebSocket\tiny_websockets</Filter>
    </ClInclude>
    <ClInclude Include="$(MSBuildThisFileDirectory)src\WebSocket\tiny_websockets\message.hpp">
      <Filter>Header Files\WebSocket\tiny_websockets</Filter>
    </ClInclude>
    <ClInclude Include="$(MSBuildThisFileDirectory)src\WebSocket\tiny_websockets\ws_config_defs.hpp">
      <Filter>Header Files\WebSocket\tiny_websockets</Filter>
    </ClInclude>
    <ClInclude Include="$(MSBuildThisFileDirectory)src\WebSocket\tiny_websockets\network\tcp_client.hpp">
      <Filter>Header Files\WebSocket\tiny_websockets\network</Filter>
    </ClInclude>
    <ClInclude Include="$(MSBuildThisFileDirectory)src\WebSocket\tiny_websockets\network\tcp_socket.hpp">
      <Filter>Header Files\WebSocket\tiny_websockets\network</Filter>
    </ClInclude>
    <ClInclude Include="$(MSBuildThisFileDirectory)src\WebSocket\tiny_websockets\network\generic_esp_clients.hpp">
      <Filter>Header Files\WebSocket\tiny_websockets\network</Filter>
    </ClInclude>
    <ClInclude Include="$(MSBuildThisFileDirectory)src\WebSocket\tiny_websockets\network\esp32_tcp.hpp">
      <Filter>Header Files\WebSocket\tiny_websockets\network</Filter>
    </ClInclude>
    <ClInclude Include="$(MSBuildThisFileDirectory)src\WebSocket\tiny_websockets\internals\data_frame.hpp">
      <Filter>Header Files\WebSocket\tiny_websockets\internals</Filter>
    </ClInclude>
    <ClInclude Include="$(MSBuildThisFileDirectory)src\WebSocket\tiny_websockets\internals\websockets_endpoint.hpp">
      <Filter>Header Files\WebSocket\tiny_websockets\internals</Filter>
    </ClInclude>
    <ClInclude Include="$(MSBuildThisFileDirectory)src\WebSocket\tiny_websockets\internals\ws_common.hpp">
      <Filter>Header Files\WebSocket\tiny_websockets\internals</Filter>
    </ClInclude>
    <ClInclude Include="$(MSBuildThisFileDirectory)src\WebSocket\tiny_websockets\internals\wscrypto\base64.hpp">
      <Filter>Header Files\WebSocket\tiny_websockets\internals\wscrypto</Filter>
    </ClInclude>
    <ClInclude Include="$(MSBuildThisFileDirectory)src\WebSocket\tiny_websockets\internals\wscrypto\crypto.hpp">
      <Filter>Header Files\WebSocket\tiny_websockets\internals\wscrypto</Filter>
    </ClInclude>
    <ClInclude Include="$(MSBuildThisFileDirectory)src\WebSocket\tiny_websockets\internals\wscrypto\sha1.hpp">
      <Filter>Header Files\WebSocket\tiny_websockets\internals\wscrypto</Filter>
    </ClInclude>
  </ItemGroup>
</Project>